
Microsoft Visual Studio Solution File, Format Version 12.00
# Visual Studio Version 17
VisualStudioVersion = 17.0.31903.59
MinimumVisualStudioVersion = 10.0.40219.1
Project("{FAE04EC0-301F-11D3-BF4B-00C04F79EFBC}") = "Text", "Text\Text.csproj", "{9D567C37-2A05-4E72-AD76-2BADBA4E8AF0}"
EndProject
Project("{FAE04EC0-301F-11D3-BF4B-00C04F79EFBC}") = "Text.Tests", "Text.Tests\Text.Tests.csproj", "{F118393F-AB14-44A6-A846-A7E5FF89D0AF}"
EndProject
Global
	GlobalSection(SolutionConfigurationPlatforms) = preSolution
		Debug|Any CPU = Debug|Any CPU
		Release|Any CPU = Release|Any CPU
	EndGlobalSection
	GlobalSection(SolutionProperties) = preSolution
		HideSolutionNode = FALSE
	EndGlobalSection
	GlobalSection(ProjectConfigurationPlatforms) = postSolution
		{9D567C37-2A05-4E72-AD76-2BADBA4E8AF0}.Debug|Any CPU.ActiveCfg = Debug|Any CPU
		{9D567C37-2A05-4E72-AD76-2BADBA4E8AF0}.Debug|Any CPU.Build.0 = Debug|Any CPU
		{9D567C37-2A05-4E72-AD76-2BADBA4E8AF0}.Release|Any CPU.ActiveCfg = Release|Any CPU
		{9D567C37-2A05-4E72-AD76-2BADBA4E8AF0}.Release|Any CPU.Build.0 = Release|Any CPU
		{F118393F-AB14-44A6-A846-A7E5FF89D0AF}.Debug|Any CPU.ActiveCfg = Debug|Any CPU
		{F118393F-AB14-44A6-A846-A7E5FF89D0AF}.Debug|Any CPU.Build.0 = Debug|Any CPU
		{F118393F-AB14-44A6-A846-A7E5FF89D0AF}.Release|Any CPU.ActiveCfg = Release|Any CPU
		{F118393F-AB14-44A6-A846-A7E5FF89D0AF}.Release|Any CPU.Build.0 = Release|Any CPU
	EndGlobalSection
EndGlobal
